Microsoft Visual Studio Solution File, Format Version 9.00
# Visual Studio 2005
Project("{8BC9CEB8-8B4A-11D0-8D11-00A0C91BC942}") = "LiberTV Player", "LiberTV2005.vcproj", "{399BC882-39BB-439E-8B3B-66DC3002042F}"
EndProject
Project("{8BC9CEB8-8B4A-11D0-8D11-00A0C91BC942}") = "LibTorrent VC 2005", "..\libtorrent.svn\build\LibTorrent2005.vcproj", "{68EC7C52-0812-4707-A334-ACE4A09BA5CB}"
EndProject
Project("{8BC9CEB8-8B4A-11D0-8D11-00A0C91BC942}") = "LTVUtil.dll", "..\LTVUtil.dll\LTVUtil.dll.vcproj", "{5EAF3213-F132-40C0-9D19-6265419E772D}"
EndProject
Global
	GlobalSection(SolutionConfigurationPlatforms) = preSolution
		Debug|Win32 = Debug|Win32
		Release|Win32 = Release|Win32
	EndGlobalSection
	GlobalSection(ProjectConfigurationPlatforms) = postSolution
		{399BC882-39BB-439E-8B3B-66DC3002042F}.Debug|Win32.ActiveCfg = Debug|Win32
		{399BC882-39BB-439E-8B3B-66DC3002042F}.Debug|Win32.Build.0 = Debug|Win32
		{399BC882-39BB-439E-8B3B-66DC3002042F}.Release|Win32.ActiveCfg = Release|Win32
		{399BC882-39BB-439E-8B3B-66DC3002042F}.Release|Win32.Build.0 = Release|Win32
		{68EC7C52-0812-4707-A334-ACE4A09BA5CB}.Debug|Win32.ActiveCfg = Debug|Win32
		{68EC7C52-0812-4707-A334-ACE4A09BA5CB}.Debug|Win32.Build.0 = Debug|Win32
		{68EC7C52-0812-4707-A334-ACE4A09BA5CB}.Release|Win32.ActiveCfg = Release|Win32
		{68EC7C52-0812-4707-A334-ACE4A09BA5CB}.Release|Win32.Build.0 = Release|Win32
		{5EAF3213-F132-40C0-9D19-6265419E772D}.Debug|Win32.ActiveCfg = Debug|Win32
		{5EAF3213-F132-40C0-9D19-6265419E772D}.Debug|Win32.Build.0 = Debug|Win32
		{5EAF3213-F132-40C0-9D19-6265419E772D}.Release|Win32.ActiveCfg = Release|Win32
		{5EAF3213-F132-40C0-9D19-6265419E772D}.Release|Win32.Build.0 = Release|Win32
	EndGlobalSection
	GlobalSection(SolutionProperties) = preSolution
		HideSolutionNode = FALSE
	EndGlobalSection
	GlobalSection(DPCodeReviewSolutionGUID) = preSolution
		DPCodeReviewSolutionGUID = {00000000-0000-0000-0000-000000000000}
	EndGlobalSection
EndGlobal
